// !$*UTF8*$!
{
	archiveVersion = 1;
	classes = {
	};
	objectVersion = 56;
	objects = {

/* Begin PBXBuildFile section */
		BD21BA5C2A45EFF400B797BC /* multipleViewsApp.swift in Sources */ = {isa = PBXBuildFile; fileRef = BD21BA5B2A45EFF400B797BC /* multipleViewsApp.swift */; };
		BD21BA5E2A45EFF400B797BC /* ContentView.swift in Sources */ = {isa = PBXBuildFile; fileRef = BD21BA5D2A45EFF400B797BC /* ContentView.swift */; };
		BD21BA602A45EFF500B797BC /* Assets.xcassets in Resources */ = {isa = PBXBuildFile; fileRef = BD21BA5F2A45EFF500B797BC /* Assets.xcassets */; };
		BD21BA632A45EFF500B797BC /* Preview Assets.xcassets in Resources */ = {isa = PBXBuildFile; fileRef = BD21BA622A45EFF500B797BC /* Preview Assets.xcassets */; };
		BD21BA6D2A45EFF600B797BC /* multipleViewsTests.swift in Sources */ = {isa = PBXBuildFile; fileRef = BD21BA6C2A45EFF600B797BC /* multipleViewsTests.swift */; };
		BD21BA772A45EFF600B797BC /* multipleViewsUITests.swift in Sources */ = {isa = PBXBuildFile; fileRef = BD21BA762A45EFF600B797BC /* multipleViewsUITests.swift */; };
		BD21BA792A45EFF600B797BC /* multipleViewsUITestsLaunchTests.swift in Sources */ = {isa = PBXBuildFile; fileRef = BD21BA782A45EFF600B797BC /* multipleViewsUITestsLaunchTests.swift */; };
/* End PBXBuildFile section */

/* Begin PBXContainerItemProxy section */
		BD21BA692A45EFF600B797BC /* PBXContainerItemProxy */ = {
			isa = PBXContainerItemProxy;
			containerPortal = BD21BA502A45EFF400B797BC /* Project object */;
			proxyType = 1;
			remoteGlobalIDString = BD21BA572A45EFF400B797BC;
			remoteInfo = multipleViews;
		};
		BD21BA732A45EFF600B797BC /* PBXContainerItemProxy */ = {
			isa = PBXContainerItemProxy;
			containerPortal = BD21BA502A45EFF400B797BC /* Project object */;
			proxyType = 1;
			remoteGlobalIDString = BD21BA572A45EFF400B797BC;
			remoteInfo = multipleViews;
		};
/* End PBXContainerItemProxy section */

/* Begin PBXFileReference section */
		BD21BA582A45EFF400B797BC /* multipleViews.app */ = {isa = PBXFileReference; explicitFileType = wrapper.application; includeInIndex = 0; path = multipleViews.app; sourceTree = BUILT_PRODUCTS_DIR; };
		BD21BA5B2A45EFF400B797BC /* multipleViewsApp.swift */ = {isa = PBXFileReference; lastKnownFileType = sourcecode.swift; path = multipleViewsApp.swift; sourceTree = "<group>"; };
		BD21BA5D2A45EFF400B797BC /* ContentView.swift */ = {isa = PBXFileReference; lastKnownFileType = sourcecode.swift; path = ContentView.swift; sourceTree = "<group>"; };
		BD21BA5F2A45EFF500B797BC /* Assets.xcassets */ = {isa = PBXFileReference; lastKnownFileType = folder.assetcatalog; path = Assets.xcassets; sourceTree = "<group>"; };
		BD21BA622A45EFF500B797BC /* Preview Assets.xcassets */ = {isa = PBXFileReference; lastKnownFileType = folder.assetcatalog; path = "Preview Assets.xcassets"; sourceTree = "<group>"; };
		BD21BA682A45EFF600B797BC /* multipleViewsTests.xctest */ = {isa = PBXFileReference; explicitFileType = wrapper.cfbundle; includeInIndex = 0; path = multipleViewsTests.xctest; sourceTree = BUILT_PRODUCTS_DIR; };
		BD21BA6C2A45EFF600B797BC /* multipleViewsTests.swift */ = {isa = PBXFileReference; lastKnownFileType = sourcecode.swift; path = multipleViewsTests.swift; sourceTree = "<group>"; };
		BD21BA722A45EFF600B797BC /* multipleViewsUITests.xctest */ = {isa = PBXFileReference; explicitFileType = wrapper.cfbundle; includeInIndex = 0; path = multipleViewsUITests.xctest; sourceTree = BUILT_PRODUCTS_DIR; };
		BD21BA762A45EFF600B797BC /* multipleViewsUITests.swift */ = {isa = PBXFileReference; lastKnownFileType = sourcecode.swift; path = multipleViewsUITests.swift; sourceTree = "<group>"; };
		BD21BA782A45EFF600B797BC /* multipleViewsUITestsLaunchTests.swift */ = {isa = PBXFileReference; lastKnownFileType = sourcecode.swift; path = multipleViewsUITestsLaunchTests.swift; sourceTree = "<group>"; };
/* End PBXFileReference section */

/* Begin PBXFrameworksBuildPhase section */
		BD21BA552A45EFF400B797BC /* Frameworks */ = {
			isa = PBXFrameworksBuildPhase;
			buildActionMask = 2147483647;
			files = (
			);
			runOnlyForDeploymentPostprocessing = 0;
		};
		BD21BA652A45EFF600B797BC /* Frameworks */ = {
			isa = PBXFrameworksBuildPhase;
			buildActionMask = 2147483647;
			files = (
			);
			runOnlyForDeploymentPostprocessing = 0;
		};
		BD21BA6F2A45EFF600B797BC /* Frameworks */ = {
			isa = PBXFrameworksBuildPhase;
			buildActionMask = 2147483647;
			files = (
			);
			runOnlyForDeploymentPostprocessing = 0;
		};
/* End PBXFrameworksBuildPhase section */

/* Begin PBXGroup section */
		BD21BA4F2A45EFF400B797BC = {
			isa = PBXGroup;
			children = (
				BD21BA5A2A45EFF400B797BC /* multipleViews */,
				BD21BA6B2A45EFF600B797BC /* multipleViewsTests */,
				BD21BA752A45EFF600B797BC /* multipleViewsUITests */,
				BD21BA592A45EFF400B797BC /* Products */,
			);
			sourceTree = "<group>";
		};
		BD21BA592A45EFF400B797BC /* Products */ = {
			isa = PBXGroup;
			children = (
				BD21BA582A45EFF400B797BC /* multipleViews.app */,
				BD21BA682A45EFF600B797BC /* multipleViewsTests.xctest */,
				BD21BA722A45EFF600B797BC /* multipleViewsUITests.xctest */,
			);
			name = Products;
			sourceTree = "<group>";
		};
		BD21BA5A2A45EFF400B797BC /* multipleViews */ = {
			isa = PBXGroup;
			children = (
				BD21BA5B2A45EFF400B797BC /* multipleViewsApp.swift */,
				BD21BA5D2A45EFF400B797BC /* ContentView.swift */,
				BD21BA5F2A45EFF500B797BC /* Assets.xcassets */,
				BD21BA612A45EFF500B797BC /* Preview Content */,
			);
			path = multipleViews;
			sourceTree = "<group>";
		};
		BD21BA612A45EFF500B797BC /* Preview Content */ = {
			isa = PBXGroup;
			children = (
				BD21BA622A45EFF500B797BC /* Preview Assets.xcassets */,
			);
			path = "Preview Content";
			sourceTree = "<group>";
		};
		BD21BA6B2A45EFF600B797BC /* multipleViewsTests */ = {
			isa = PBXGroup;
			children = (
				BD21BA6C2A45EFF600B797BC /* multipleViewsTests.swift */,
			);
			path = multipleViewsTests;
			sourceTree = "<group>";
		};
		BD21BA752A45EFF600B797BC /* multipleViewsUITests */ = {
			isa = PBXGroup;
			children = (
				BD21BA762A45EFF600B797BC /* multipleViewsUITests.swift */,
				BD21BA782A45EFF600B797BC /* multipleViewsUITestsLaunchTests.swift */,
			);
			path = multipleViewsUITests;
			sourceTree = "<group>";
		};
/* End PBXGroup section */

/* Begin PBXNativeTarget section */
		BD21BA572A45EFF400B797BC /* multipleViews */ = {
			isa = PBXNativeTarget;
			buildConfigurationList = BD21BA7C2A45EFF600B797BC /* Build configuration list for PBXNativeTarget "multipleViews" */;
			buildPhases = (
				BD21BA542A45EFF400B797BC /* Sources */,
				BD21BA552A45EFF400B797BC /* Frameworks */,
				BD21BA562A45EFF400B797BC /* Resources */,
			);
			buildRules = (
			);
			dependencies = (
			);
			name = multipleViews;
			productName = multipleViews;
			productReference = BD21BA582A45EFF400B797BC /* multipleViews.app */;
			productType = "com.apple.product-type.application";
		};
		BD21BA672A45EFF600B797BC /* multipleViewsTests */ = {
			isa = PBXNativeTarget;
			buildConfigurationList = BD21BA7F2A45EFF600B797BC /* Build configuration list for PBXNativeTarget "multipleViewsTests" */;
			buildPhases = (
				BD21BA642A45EFF600B797BC /* Sources */,
				BD21BA652A45EFF600B797BC /* Frameworks */,
				BD21BA662A45EFF600B797BC /* Resources */,
			);
			buildRules = (
			);
			dependencies = (
				BD21BA6A2A45EFF600B797BC /* PBXTargetDependency */,
			);
			name = multipleViewsTests;
			productName = multipleViewsTests;
			productReference = BD21BA682A45EFF600B797BC /* multipleViewsTests.xctest */;
			productType = "com.apple.product-type.bundle.unit-test";
		};
		BD21BA712A45EFF600B797BC /* multipleViewsUITests */ = {
			isa = PBXNativeTarget;
			buildConfigurationList = BD21BA822A45EFF600B797BC /* Build configuration list for PBXNativeTarget "multipleViewsUITests" */;
			buildPhases = (
				BD21BA6E2A45EFF600B797BC /* Sources */,
				BD21BA6F2A45EFF600B797BC /* Frameworks */,
				BD21BA702A45EFF600B797BC /* Resources */,
			);
			buildRules = (
			);
			dependencies = (
				BD21BA742A45EFF600B797BC /* PBXTargetDependency */,
			);
			name = multipleViewsUITests;
			productName = multipleViewsUITests;
			productReference = BD21BA722A45EFF600B797BC /* multipleViewsUITests.xctest */;
			productType = "com.apple.product-type.bundle.ui-testing";
		};
/* End PBXNativeTarget section */

/* Begin PBXProject section */
		BD21BA502A45EFF400B797BC /* Project object */ = {
			isa = PBXProject;
			attributes = {
				BuildIndependentTargetsInParallel = 1;
				LastSwiftUpdateCheck = 1430;
				LastUpgradeCheck = 1430;
				TargetAttributes = {
					BD21BA572A45EFF400B797BC = {
						CreatedOnToolsVersion = 14.3.1;
					};
					BD21BA672A45EFF600B797BC = {
						CreatedOnToolsVersion = 14.3.1;
						TestTargetID = BD21BA572A45EFF400B797BC;
					};
					BD21BA712A45EFF600B797BC = {
						CreatedOnToolsVersion = 14.3.1;
						TestTargetID = BD21BA572A45EFF400B797BC;
					};
				};
			};
			buildConfigurationList = BD21BA532A45EFF400B797BC /* Build configuration list for PBXProject "multipleViews" */;
			compatibilityVersion = "Xcode 14.0";
			developmentRegion = en;
			hasScannedForEncodings = 0;
			knownRegions = (
				en,
				Base,
			);
			mainGroup = BD21BA4F2A45EFF400B797BC;
			productRefGroup = BD21BA592A45EFF400B797BC /* Products */;
			projectDirPath = "";
			projectRoot = "";
			targets = (
				BD21BA572A45EFF400B797BC /* multipleViews */,
				BD21BA672A45EFF600B797BC /* multipleViewsTests */,
				BD21BA712A45EFF600B797BC /* multipleViewsUITests */,
			);
		};
/* End PBXProject section */

/* Begin PBXResourcesBuildPhase section */
		BD21BA562A45EFF400B797BC /* Resources */ = {
			isa = PBXResourcesBuildPhase;
			buildActionMask = 2147483647;
			files = (
				BD21BA632A45EFF500B797BC /* Preview Assets.xcassets in Resources */,
				BD21BA602A45EFF500B797BC /* Assets.xcassets in Resources */,
			);
			runOnlyForDeploymentPostprocessing = 0;
		};
		BD21BA662A45EFF600B797BC /* Resources */ = {
			isa = PBXResourcesBuildPhase;
			buildActionMask = 2147483647;
			files = (
			);
			runOnlyForDeploymentPostprocessing = 0;
		};
		BD21BA702A45EFF600B797BC /* Resources */ = {
			isa = PBXResourcesBuildPhase;
			buildActionMask = 2147483647;
			files = (
			);
			runOnlyForDeploymentPostprocessing = 0;
		};
/* End PBXResourcesBuildPhase section */

/* Begin PBXSourcesBuildPhase section */
		BD21BA542A45EFF400B797BC /* Sources */ = {
			isa = PBXSourcesBuildPhase;
			buildActionMask = 2147483647;
			files = (
				BD21BA5E2A45EFF400B797BC /* ContentView.swift in Sources */,
				BD21BA5C2A45EFF400B797BC /* multipleViewsApp.swift in Sources */,
			);
			runOnlyForDeploymentPostprocessing = 0;
		};
		BD21BA642A45EFF600B797BC /* Sources */ = {
			isa = PBXSourcesBuildPhase;
			buildActionMask = 2147483647;
			files = (
				BD21BA6D2A45EFF600B797BC /* multipleViewsTests.swift in Sources */,
			);
			runOnlyForDeploymentPostprocessing = 0;
		};
		BD21BA6E2A45EFF600B797BC /* Sources */ = {
			isa = PBXSourcesBuildPhase;
			buildActionMask = 2147483647;
			files = (
				BD21BA772A45EFF600B797BC /* multipleViewsUITests.swift in Sources */,
				BD21BA792A45EFF600B797BC /* multipleViewsUITestsLaunchTests.swift in Sources */,
			);
			runOnlyForDeploymentPostprocessing = 0;
		};
/* End PBXSourcesBuildPhase section */

/* Begin PBXTargetDependency section */
		BD21BA6A2A45EFF600B797BC /* PBXTargetDependency */ = {
			isa = PBXTargetDependency;
			target = BD21BA572A45EFF400B797BC /* multipleViews */;
			targetProxy = BD21BA692A45EFF600B797BC /* PBXContainerItemProxy */;
		};
		BD21BA742A45EFF600B797BC /* PBXTargetDependency */ = {
			isa = PBXTargetDependency;
			target = BD21BA572A45EFF400B797BC /* multipleViews */;
			targetProxy = BD21BA732A45EFF600B797BC /* PBXContainerItemProxy */;
		};
/* End PBXTargetDependency section */

/* Begin XCBuildConfiguration section */
		BD21BA7A2A45EFF600B797BC /* Debug */ = {
			isa = XCBuildConfiguration;
			buildSettings = {
				ALWAYS_SEARCH_USER_PATHS = NO;
				CLANG_ANALYZER_NONNULL = YES;
				CLANG_ANALYZER_NUMBER_OBJECT_CONVERSION = YES_AGGRESSIVE;
				CLANG_CXX_LANGUAGE_STANDARD = "gnu++20";
				CLANG_ENABLE_MODULES = YES;
				CLANG_ENABLE_OBJC_ARC = YES;
				CLANG_ENABLE_OBJC_WEAK = YES;
				CLANG_WARN_BLOCK_CAPTURE_AUTORELEASING = YES;
				CLANG_WARN_BOOL_CONVERSION = YES;
				CLANG_WARN_COMMA = YES;
				CLANG_WARN_CONSTANT_CONVERSION = YES;
				CLANG_WARN_DEPRECATED_OBJC_IMPLEMENTATIONS = YES;
				CLANG_WARN_DIRECT_OBJC_ISA_USAGE = YES_ERROR;
				CLANG_WARN_DOCUMENTATION_COMMENTS = YES;
				CLANG_WARN_EMPTY_BODY = YES;
				CLANG_WARN_ENUM_CONVERSION = YES;
				CLANG_WARN_INFINITE_RECURSION = YES;
				CLANG_WARN_INT_CONVERSION = YES;
				CLANG_WARN_NON_LITERAL_NULL_CONVERSION = YES;
				CLANG_WARN_OBJC_IMPLICIT_RETAIN_SELF = YES;
				CLANG_WARN_OBJC_LITERAL_CONVERSION = YES;
				CLANG_WARN_OBJC_ROOT_CLASS = YES_ERROR;
				CLANG_WARN_QUOTED_INCLUDE_IN_FRAMEWORK_HEADER = YES;
				CLANG_WARN_RANGE_LOOP_ANALYSIS = YES;
				CLANG_WARN_STRICT_PROTOTYPES = YES;
				CLANG_WARN_SUSPICIOUS_MOVE = YES;
				CLANG_WARN_UNGUARDED_AVAILABILITY = YES_AGGRESSIVE;
				CLANG_WARN_UNREACHABLE_CODE = YES;
				CLANG_WARN__DUPLICATE_METHOD_MATCH = YES;
				COPY_PHASE_STRIP = NO;
				DEBUG_INFORMATION_FORMAT = dwarf;
				ENABLE_STRICT_OBJC_MSGSEND = YES;
				ENABLE_TESTABILITY = YES;
				GCC_C_LANGUAGE_STANDARD = gnu11;
				GCC_DYNAMIC_NO_PIC = NO;
				GCC_NO_COMMON_BLOCKS = YES;
				GCC_OPTIMIZATION_LEVEL = 0;
				GCC_PREPROCESSOR_DEFINITIONS = (
					"DEBUG=1",
					"$(inherited)",
				);
				GCC_WARN_64_TO_32_BIT_CONVERSION = YES;
				GCC_WARN_ABOUT_RETURN_TYPE = YES_ERROR;
				GCC_WARN_UNDECLARED_SELECTOR = YES;
				GCC_WARN_UNINITIALIZED_AUTOS = YES_AGGRESSIVE;
				GCC_WARN_UNUSED_FUNCTION = YES;
				GCC_WARN_UNUSED_VARIABLE = YES;
				IPHONEOS_DEPLOYMENT_TARGET = 16.4;
				MTL_ENABLE_DEBUG_INFO = INCLUDE_SOURCE;
				MTL_FAST_MATH = YES;
				ONLY_ACTIVE_ARCH = YES;
				SDKROOT = iphoneos;
				SWIFT_ACTIVE_COMPILATION_CONDITIONS = DEBUG;
				SWIFT_OPTIMIZATION_LEVEL = "-Onone";
			};
			name = Debug;
		};
		BD21BA7B2A45EFF600B797BC /* Release */ = {
			isa = XCBuildConfiguration;
			buildSettings = {
				ALWAYS_SEARCH_USER_PATHS = NO;
				CLANG_ANALYZER_NONNULL = YES;
				CLANG_ANALYZER_NUMBER_OBJECT_CONVERSION = YES_AGGRESSIVE;
				CLANG_CXX_LANGUAGE_STANDARD = "gnu++20";
				CLANG_ENABLE_MODULES = YES;
				CLANG_ENABLE_OBJC_ARC = YES;
				CLANG_ENABLE_OBJC_WEAK = YES;
				CLANG_WARN_BLOCK_CAPTURE_AUTORELEASING = YES;
				CLANG_WARN_BOOL_CONVERSION = YES;
				CLANG_WARN_COMMA = YES;
				CLANG_WARN_CONSTANT_CONVERSION = YES;
				CLANG_WARN_DEPRECATED_OBJC_IMPLEMENTATIONS = YES;
				CLANG_WARN_DIRECT_OBJC_ISA_USAGE = YES_ERROR;
				CLANG_WARN_DOCUMENTATION_COMMENTS = YES;
				CLANG_WARN_EMPTY_BODY = YES;
				CLANG_WARN_ENUM_CONVERSION = YES;
				CLANG_WARN_INFINITE_RECURSION = YES;
				CLANG_WARN_INT_CONVERSION = YES;
				CLANG_WARN_NON_LITERAL_NULL_CONVERSION = YES;
				CLANG_WARN_OBJC_IMPLICIT_RETAIN_SELF = YES;
				CLANG_WARN_OBJC_LITERAL_CONVERSION = YES;
				CLANG_WARN_OBJC_ROOT_CLASS = YES_ERROR;
				CLANG_WARN_QUOTED_INCLUDE_IN_FRAMEWORK_HEADER = YES;
				CLANG_WARN_RANGE_LOOP_ANALYSIS = YES;
				CLANG_WARN_STRICT_PROTOTYPES = YES;
				CLANG_WARN_SUSPICIOUS_MOVE = YES;
				CLANG_WARN_UNGUARDED_AVAILABILITY = YES_AGGRESSIVE;
				CLANG_WARN_UNREACHABLE_CODE = YES;
				CLANG_WARN__DUPLICATE_METHOD_MATCH = YES;
				COPY_PHASE_STRIP = NO;
				DEBUG_INFORMATION_FORMAT = "dwarf-with-dsym";
				ENABLE_NS_ASSERTIONS = NO;
				ENABLE_STRICT_OBJC_MSGSEND = YES;
				GCC_C_LANGUAGE_STANDARD = gnu11;
				GCC_NO_COMMON_BLOCKS = YES;
				GCC_WARN_64_TO_32_BIT_CONVERSION = YES;
				GCC_WARN_ABOUT_RETURN_TYPE = YES_ERROR;
				GCC_WARN_UNDECLARED_SELECTOR = YES;
				GCC_WARN_UNINITIALIZED_AUTOS = YES_AGGRESSIVE;
				GCC_WARN_UNUSED_FUNCTION = YES;
				GCC_WARN_UNUSED_VARIABLE = YES;
				IPHONEOS_DEPLOYMENT_TARGET = 16.4;
				MTL_ENABLE_DEBUG_INFO = NO;
				MTL_FAST_MATH = YES;
				SDKROOT = iphoneos;
				SWIFT_COMPILATION_MODE = wholemodule;
				SWIFT_OPTIMIZATION_LEVEL = "-O";
				VALIDATE_PRODUCT = YES;
			};
			name = Release;
		};
		BD21BA7D2A45EFF600B797BC /* Debug */ = {
			isa = XCBuildConfiguration;
			buildSettings = {
				ASSETCATALOG_COMPILER_APPICON_NAME = AppIcon;
				ASSETCATALOG_COMPILER_GLOBAL_ACCENT_COLOR_NAME = AccentColor;
				CODE_SIGN_STYLE = Automatic;
				CURRENT_PROJECT_VERSION = 1;
				DEVELOPMENT_ASSET_PATHS = "\"multipleViews/Preview Content\"";
				ENABLE_PREVIEWS = YES;
				GENERATE_INFOPLIST_FILE = YES;
				INFOPLIST_KEY_UIApplicationSceneManifest_Generation = YES;
				INFOPLIST_KEY_UIApplicationSupportsIndirectInputEvents = YES;
				INFOPLIST_KEY_UILaunchScreen_Generation = YES;
				INFOPLIST_KEY_UISupportedInterfaceOrientations_iPad = "UIInterfaceOrientationPortrait UIInterfaceOrientationPortraitUpsideDown UIInterfaceOrientationLandscapeLeft UIInterfaceOrientationLandscapeRight";
				INFOPLIST_KEY_UISupportedInterfaceOrientations_iPhone = "UIInterfaceOrientationPortrait UIInterfaceOrientationLandscapeLeft UIInterfaceOrientationLandscapeRight";
				LD_RUNPATH_SEARCH_PATHS = (
					"$(inherited)",
					"@executable_path/Frameworks",
				);
				MARKETING_VERSION = 1.0;
				PRODUCT_BUNDLE_IDENTIFIER = KWK.multipleViews;
				PRODUCT_NAME = "$(TARGET_NAME)";
				SWIFT_EMIT_LOC_STRINGS = YES;
				SWIFT_VERSION = 5.0;
				TARGETED_DEVICE_FAMILY = "1,2";
			};
			name = Debug;
		};
		BD21BA7E2A45EFF600B797BC /* Release */ = {
			isa = XCBuildConfiguration;
			buildSettings = {
				ASSETCATALOG_COMPILER_APPICON_NAME = AppIcon;
				ASSETCATALOG_COMPILER_GLOBAL_ACCENT_COLOR_NAME = AccentColor;
				CODE_SIGN_STYLE = Automatic;
				CURRENT_PROJECT_VERSION = 1;
				DEVELOPMENT_ASSET_PATHS = "\"multipleViews/Preview Content\"";
				ENABLE_PREVIEWS = YES;
				GENERATE_INFOPLIST_FILE = YES;
				INFOPLIST_KEY_UIApplicationSceneManifest_Generation = YES;
				INFOPLIST_KEY_UIApplicationSupportsIndirectInputEvents = YES;
				INFOPLIST_KEY_UILaunchScreen_Generation = YES;
				INFOPLIST_KEY_UISupportedInterfaceOrientations_iPad = "UIInterfaceOrientationPortrait UIInterfaceOrientationPortraitUpsideDown UIInterfaceOrientationLandscapeLeft UIInterfaceOrientationLandscapeRight";
				INFOPLIST_KEY_UISupportedInterfaceOrientations_iPhone = "UIInterfaceOrientationPortrait UIInterfaceOrientationLandscapeLeft UIInterfaceOrientationLandscapeRight";
				LD_RUNPATH_SEARCH_PATHS = (
					"$(inherited)",
					"@executable_path/Frameworks",
				);
				MARKETING_VERSION = 1.0;
				PRODUCT_BUNDLE_IDENTIFIER = KWK.multipleViews;
				PRODUCT_NAME = "$(TARGET_NAME)";
				SWIFT_EMIT_LOC_STRINGS = YES;
				SWIFT_VERSION = 5.0;
				TARGETED_DEVICE_FAMILY = "1,2";
			};
			name = Release;
		};
		BD21BA802A45EFF600B797BC /* Debug */ = {
			isa = XCBuildConfiguration;
			buildSettings = {
				ALWAYS_EMBED_SWIFT_STANDARD_LIBRARIES = YES;
				BUNDLE_LOADER = "$(TEST_HOST)";
				CODE_SIGN_STYLE = Automatic;
				CURRENT_PROJECT_VERSION = 1;
				GENERATE_INFOPLIST_FILE = YES;
				IPHONEOS_DEPLOYMENT_TARGET = 16.4;
				MARKETING_VERSION = 1.0;
				PRODUCT_BUNDLE_IDENTIFIER = KWK.multipleViewsTests;
				PRODUCT_NAME = "$(TARGET_NAME)";
				SWIFT_EMIT_LOC_STRINGS = NO;
				SWIFT_VERSION = 5.0;
				TARGETED_DEVICE_FAMILY = "1,2";
				TEST_HOST = "$(BUILT_PRODUCTS_DIR)/multipleViews.app/$(BUNDLE_EXECUTABLE_FOLDER_PATH)/multipleViews";
			};
			name = Debug;
		};
		BD21BA812A45EFF600B797BC /* Release */ = {
			isa = XCBuildConfiguration;
			buildSettings = {
				ALWAYS_EMBED_SWIFT_STANDARD_LIBRARIES = YES;
				BUNDLE_LOADER = "$(TEST_HOST)";
				CODE_SIGN_STYLE = Automatic;
				CURRENT_PROJECT_VERSION = 1;
				GENERATE_INFOPLIST_FILE = YES;
				IPHONEOS_DEPLOYMENT_TARGET = 16.4;
				MARKETING_VERSION = 1.0;
				PRODUCT_BUNDLE_IDENTIFIER = KWK.multipleViewsTests;
				PRODUCT_NAME = "$(TARGET_NAME)";
				SWIFT_EMIT_LOC_STRINGS = NO;
				SWIFT_VERSION = 5.0;
				TARGETED_DEVICE_FAMILY = "1,2";
				TEST_HOST = "$(BUILT_PRODUCTS_DIR)/multipleViews.app/$(BUNDLE_EXECUTABLE_FOLDER_PATH)/multipleViews";
			};
			name = Release;
		};
		BD21BA832A45EFF600B797BC /* Debug */ = {
			isa = XCBuildConfiguration;
			buildSettings = {
				ALWAYS_EMBED_SWIFT_STANDARD_LIBRARIES = YES;
				CODE_SIGN_STYLE = Automatic;
				CURRENT_PROJECT_VERSION = 1;
				GENERATE_INFOPLIST_FILE = YES;
				MARKETING_VERSION = 1.0;
				PRODUCT_BUNDLE_IDENTIFIER = KWK.multipleViewsUITests;
				PRODUCT_NAME = "$(TARGET_NAME)";
				SWIFT_EMIT_LOC_STRINGS = NO;
				SWIFT_VERSION = 5.0;
				TARGETED_DEVICE_FAMILY = "1,2";
				TEST_TARGET_NAME = multipleViews;
			};
			name = Debug;
		};
		BD21BA842A45EFF600B797BC /* Release */ = {
			isa = XCBuildConfiguration;
			buildSettings = {
				ALWAYS_EMBED_SWIFT_STANDARD_LIBRARIES = YES;
				CODE_SIGN_STYLE = Automatic;
				CURRENT_PROJECT_VERSION = 1;
				GENERATE_INFOPLIST_FILE = YES;
				MARKETING_VERSION = 1.0;
				PRODUCT_BUNDLE_IDENTIFIER = KWK.multipleViewsUITests;
				PRODUCT_NAME = "$(TARGET_NAME)";
				SWIFT_EMIT_LOC_STRINGS = NO;
				SWIFT_VERSION = 5.0;
				TARGETED_DEVICE_FAMILY = "1,2";
				TEST_TARGET_NAME = multipleViews;
			};
			name = Release;
		};
/* End XCBuildConfiguration section */

/* Begin XCConfigurationList section */
		BD21BA532A45EFF400B797BC /* Build configuration list for PBXProject "multipleViews" */ = {
			isa = XCConfigurationList;
			buildConfigurations = (
				BD21BA7A2A45EFF600B797BC /* Debug */,
				BD21BA7B2A45EFF600B797BC /* Release */,
			);
			defaultConfigurationIsVisible = 0;
			defaultConfigurationName = Release;
		};
		BD21BA7C2A45EFF600B797BC /* Build configuration list for PBXNativeTarget "multipleViews" */ = {
			isa = XCConfigurationList;
			buildConfigurations = (
				BD21BA7D2A45EFF600B797BC /* Debug */,
				BD21BA7E2A45EFF600B797BC /* Release */,
			);
			defaultConfigurationIsVisible = 0;
			defaultConfigurationName = Release;
		};
		BD21BA7F2A45EFF600B797BC /* Build configuration list for PBXNativeTarget "multipleViewsTests" */ = {
			isa = XCConfigurationList;
			buildConfigurations = (
				BD21BA802A45EFF600B797BC /* Debug */,
				BD21BA812A45EFF600B797BC /* Release */,
			);
			defaultConfigurationIsVisible = 0;
			defaultConfigurationName = Release;
		};
		BD21BA822A45EFF600B797BC /* Build configuration list for PBXNativeTarget "multipleViewsUITests" */ = {
			isa = XCConfigurationList;
			buildConfigurations = (
				BD21BA832A45EFF600B797BC /* Debug */,
				BD21BA842A45EFF600B797BC /* Release */,
			);
			defaultConfigurationIsVisible = 0;
			defaultConfigurationName = Release;
		};
/* End XCConfigurationList section */
	};
	rootObject = BD21BA502A45EFF400B797BC /* Project object */;
}
